
Microsoft Visual Studio Solution File, Format Version 12.00
# Visual Studio Version 16
VisualStudioVersion = 16.0.29509.3
MinimumVisualStudioVersion = 10.0.40219.1
Project("{FAE04EC0-301F-11D3-BF4B-00C04F79EFBC}") = "SwordsAndSorceryGame", "SwordsAndSorceryGame\SwordsAndSorceryGame.csproj", "{1CCAF5D8-5956-4987-BE46-127A5B68D236}"
EndProject
Project("{FAE04EC0-301F-11D3-BF4B-00C04F79EFBC}") = "PandaEngine", "PandaEngine\PandaEngine.csproj", "{EF705BEA-B1E9-4C73-BCF7-AA0C350509C8}"
EndProject
Global
	GlobalSection(SolutionConfigurationPlatforms) = preSolution
		Debug|Any CPU = Debug|Any CPU
		Release|Any CPU = Release|Any CPU
	EndGlobalSection
	GlobalSection(ProjectConfigurationPlatforms) = postSolution
		{1CCAF5D8-5956-4987-BE46-127A5B68D236}.Debug|Any CPU.ActiveCfg = Debug|Any CPU
		{1CCAF5D8-5956-4987-BE46-127A5B68D236}.Debug|Any CPU.Build.0 = Debug|Any CPU
		{1CCAF5D8-5956-4987-BE46-127A5B68D236}.Release|Any CPU.ActiveCfg = Release|Any CPU
		{1CCAF5D8-5956-4987-BE46-127A5B68D236}.Release|Any CPU.Build.0 = Release|Any CPU
		{EF705BEA-B1E9-4C73-BCF7-AA0C350509C8}.Debug|Any CPU.ActiveCfg = Debug|Any CPU
		{EF705BEA-B1E9-4C73-BCF7-AA0C350509C8}.Debug|Any CPU.Build.0 = Debug|Any CPU
		{EF705BEA-B1E9-4C73-BCF7-AA0C350509C8}.Release|Any CPU.ActiveCfg = Release|Any CPU
		{EF705BEA-B1E9-4C73-BCF7-AA0C350509C8}.Release|Any CPU.Build.0 = Release|Any CPU
	EndGlobalSection
	GlobalSection(SolutionProperties) = preSolution
		HideSolutionNode = FALSE
	EndGlobalSection
	GlobalSection(ExtensibilityGlobals) = postSolution
		SolutionGuid = {BE7AA07B-4744-4F20-8AB3-493D6C508263}
	EndGlobalSection
EndGlobal
